<?xml version="1.0"?>
<plist version="1.0">
	<dict>
		<key>archiveVersion</key>
		<string>1</string>
		<key>classes</key>
		<dict />
		<key>objectVersion</key>
		<string>46</string>
		<key>objects</key>
		<dict>
			<key>2DF5568F3AEEE21E6CE2869C</key>
			<dict>
				<key>explicitFileType</key>
				<string>sourcecode.c.h</string>
				<key>fileEncoding</key>
				<string>30</string>
				<key>isa</key>
				<string>PBXFileReference</string>
				<key>name</key>
				<string>OscTypes.h</string>
				<key>path</key>
				<string>../../../../../addons/ofxOsc/libs/oscpack/src/osc/OscTypes.h</string>
				<key>sourceTree</key>
				<string>SOURCE_ROOT</string>
			</dict>
			<key>23BB43024A47A4322F39BE78</key>
			<dict>
				<key>fileRef</key>
				<string>5021B5F0BC3CFEC0C7103368</string>
				<key>isa</key>
				<string>PBXBuildFile</string>
			</dict>
			<key>5021B5F0BC3CFEC0C7103368</key>
			<dict>
				<key>explicitFileType</key>
				<string>sourcecode.cpp.cpp</string>
				<key>fileEncoding</key>
				<string>30</string>
				<key>isa</key>
				<string>PBXFileReference</string>
				<key>name</key>
				<string>OscTypes.cpp</string>
				<key>path</key>
				<string>../../../../../addons/ofxOsc/libs/oscpack/src/osc/OscTypes.cpp</string>
				<key>sourceTree</key>
				<string>SOURCE_ROOT</string>
			</dict>
			<key>9F19863E27DDB94890A2A1BF</key>
			<dict>
				<key>explicitFileType</key>
				<string>sourcecode.c.h</string>
				<key>fileEncoding</key>
				<string>30</string>
				<key>isa</key>
				<string>PBXFileReference</string>
				<key>name</key>
				<string>OscReceivedElements.h</string>
				<key>path</key>
				<string>../../../../../addons/ofxOsc/libs/oscpack/src/osc/OscReceivedElements.h</string>
				<key>sourceTree</key>
				<string>SOURCE_ROOT</string>
			</dict>
			<key>C296E3FB6B4026E1DA2BD2CA</key>
			<dict>
				<key>fileRef</key>
				<string>2CAF72247AFF488BB10E424A</string>
				<key>isa</key>
				<string>PBXBuildFile</string>
			</dict>
			<key>2CAF72247AFF488BB10E424A</key>
			<dict>
				<key>explicitFileType</key>
				<string>sourcecode.cpp.cpp</string>
				<key>fileEncoding</key>
				<string>30</string>
				<key>isa</key>
				<string>PBXFileReference</string>
				<key>name</key>
				<string>OscReceivedElements.cpp</string>
				<key>path</key>
				<string>../../../../../addons/ofxOsc/libs/oscpack/src/osc/OscReceivedElements.cpp</string>
				<key>sourceTree</key>
				<string>SOURCE_ROOT</string>
			</dict>
			<key>8216543B0E314A75BC2DE77C</key>
			<dict>
				<key>explicitFileType</key>
				<string>sourcecode.c.h</string>
				<key>fileEncoding</key>
				<string>30</string>
				<key>isa</key>
				<string>PBXFileReference</string>
				<key>name</key>
				<string>OscPrintReceivedElements.h</string>
				<key>path</key>
				<string>../../../../../addons/ofxOsc/libs/oscpack/src/osc/OscPrintReceivedElements.h</string>
				<key>sourceTree</key>
				<string>SOURCE_ROOT</string>
			</dict>
			<key>7F24BD9DD55859A886184BE0</key>
			<dict>
				<key>fileRef</key>
				<string>7D5923822FC44FDCC2E5FEF5</string>
				<key>isa</key>
				<string>PBXBuildFile</string>
			</dict>
			<key>7D5923822FC44FDCC2E5FEF5</key>
			<dict>
				<key>explicitFileType</key>
				<string>sourcecode.cpp.cpp</string>
				<key>fileEncoding</key>
				<string>30</string>
				<key>isa</key>
				<string>PBXFileReference</string>
				<key>name</key>
				<string>OscPrintReceivedElements.cpp</string>
				<key>path</key>
				<string>../../../../../addons/ofxOsc/libs/oscpack/src/osc/OscPrintReceivedElements.cpp</string>
				<key>sourceTree</key>
				<string>SOURCE_ROOT</string>
			</dict>
			<key>64E82F90990DC8E4D54E1391</key>
			<dict>
				<key>explicitFileType</key>
				<string>sourcecode.c.h</string>
				<key>fileEncoding</key>
				<string>30</string>
				<key>isa</key>
				<string>PBXFileReference</string>
				<key>name</key>
				<string>OscPacketListener.h</string>
				<key>path</key>
				<string>../../../../../addons/ofxOsc/libs/oscpack/src/osc/OscPacketListener.h</string>
				<key>sourceTree</key>
				<string>SOURCE_ROOT</string>
			</dict>
			<key>41F30E3AD9CFCB486DDDD641</key>
			<dict>
				<key>explicitFileType</key>
				<string>sourcecode.c.h</string>
				<key>fileEncoding</key>
				<string>30</string>
				<key>isa</key>
				<string>PBXFileReference</string>
				<key>name</key>
				<string>OscOutboundPacketStream.h</string>
				<key>path</key>
				<string>../../../../../addons/ofxOsc/libs/oscpack/src/osc/OscOutboundPacketStream.h</string>
				<key>sourceTree</key>
				<string>SOURCE_ROOT</string>
			</dict>
			<key>373977EC7C308404FB594381</key>
			<dict>
				<key>fileRef</key>
				<string>61984150A0BCF002ECA66FF0</string>
				<key>isa</key>
				<string>PBXBuildFile</string>
			</dict>
			<key>61984150A0BCF002ECA66FF0</key>
			<dict>
				<key>explicitFileType</key>
				<string>sourcecode.cpp.cpp</string>
				<key>fileEncoding</key>
				<string>30</string>
				<key>isa</key>
				<string>PBXFileReference</string>
				<key>name</key>
				<string>OscOutboundPacketStream.cpp</string>
				<key>path</key>
				<string>../../../../../addons/ofxOsc/libs/oscpack/src/osc/OscOutboundPacketStream.cpp</string>
				<key>sourceTree</key>
				<string>SOURCE_ROOT</string>
			</dict>
			<key>696B0654043F0CA00E01B0F5</key>
			<dict>
				<key>explicitFileType</key>
				<string>sourcecode.c.h</string>
				<key>fileEncoding</key>
				<string>30</string>
				<key>isa</key>
				<string>PBXFileReference</string>
				<key>name</key>
				<string>OscHostEndianness.h</string>
				<key>path</key>
				<string>../../../../../addons/ofxOsc/libs/oscpack/src/osc/OscHostEndianness.h</string>
				<key>sourceTree</key>
				<string>SOURCE_ROOT</string>
			</dict>
			<key>F5C3F8C969BFAF6A0534A336</key>
			<dict>
				<key>explicitFileType</key>
				<string>sourcecode.c.h</string>
				<key>fileEncoding</key>
				<string>30</string>
				<key>isa</key>
				<string>PBXFileReference</string>
				<key>name</key>
				<string>OscException.h</string>
				<key>path</key>
				<string>../../../../../addons/ofxOsc/libs/oscpack/src/osc/OscException.h</string>
				<key>sourceTree</key>
				<string>SOURCE_ROOT</string>
			</dict>
			<key>30CB364908817057B430D528</key>
			<dict>
				<key>children</key>
				<array>
					<string>90DD53392F084093C80A3BAC</string>
					<string>F5C3F8C969BFAF6A0534A336</string>
					<string>696B0654043F0CA00E01B0F5</string>
					<string>61984150A0BCF002ECA66FF0</string>
					<string>41F30E3AD9CFCB486DDDD641</string>
					<string>64E82F90990DC8E4D54E1391</string>
					<string>7D5923822FC44FDCC2E5FEF5</string>
					<string>8216543B0E314A75BC2DE77C</string>
					<string>2CAF72247AFF488BB10E424A</string>
					<string>9F19863E27DDB94890A2A1BF</string>
					<string>5021B5F0BC3CFEC0C7103368</string>
					<string>2DF5568F3AEEE21E6CE2869C</string>
				</array>
				<key>isa</key>
				<string>PBXGroup</string>
				<key>name</key>
				<string>osc</string>
				<key>sourceTree</key>
				<string>&lt;group&gt;</string>
			</dict>
			<key>90DD53392F084093C80A3BAC</key>
			<dict>
				<key>explicitFileType</key>
				<string>sourcecode.c.h</string>
				<key>fileEncoding</key>
				<string>30</string>
				<key>isa</key>
				<string>PBXFileReference</string>
				<key>name</key>
				<string>MessageMappingOscPacketListener.h</string>
				<key>path</key>
				<string>../../../../../addons/ofxOsc/libs/oscpack/src/osc/MessageMappingOscPacketListener.h</string>
				<key>sourceTree</key>
				<string>SOURCE_ROOT</string>
			</dict>
			<key>35409E3982CB22269144C447</key>
			<dict>
				<key>explicitFileType</key>
				<string>sourcecode.c.h</string>
				<key>fileEncoding</key>
				<string>30</string>
				<key>isa</key>
				<string>PBXFileReference</string>
				<key>name</key>
				<string>UdpSocket.h</string>
				<key>path</key>
				<string>../../../../../addons/ofxOsc/libs/oscpack/src/ip/UdpSocket.h</string>
				<key>sourceTree</key>
				<string>SOURCE_ROOT</string>
			</dict>
			<key>F5809202EF38B0D1F6C1DF57</key>
			<dict>
				<key>explicitFileType</key>
				<string>sourcecode.c.h</string>
				<key>fileEncoding</key>
				<string>30</string>
				<key>isa</key>
				<string>PBXFileReference</string>
				<key>name</key>
				<string>TimerListener.h</string>
				<key>path</key>
				<string>../../../../../addons/ofxOsc/libs/oscpack/src/ip/TimerListener.h</string>
				<key>sourceTree</key>
				<string>SOURCE_ROOT</string>
			</dict>
			<key>8F8DBEC8234C6D0B123321EE</key>
			<dict>
				<key>fileRef</key>
				<string>48DBCDE6C0555AA731640FCB</string>
				<key>isa</key>
				<string>PBXBuildFile</string>
			</dict>
			<key>48DBCDE6C0555AA731640FCB</key>
			<dict>
				<key>explicitFileType</key>
				<string>sourcecode.cpp.cpp</string>
				<key>fileEncoding</key>
				<string>30</string>
				<key>isa</key>
				<string>PBXFileReference</string>
				<key>name</key>
				<string>UdpSocket.cpp</string>
				<key>path</key>
				<string>../../../../../addons/ofxOsc/libs/oscpack/src/ip/posix/UdpSocket.cpp</string>
				<key>sourceTree</key>
				<string>SOURCE_ROOT</string>
			</dict>
			<key>641362CA659FAFEE4E81001B</key>
			<dict>
				<key>children</key>
				<array>
					<string>2FC0D8FC5FB6AC4404B6E9CB</string>
					<string>48DBCDE6C0555AA731640FCB</string>
				</array>
				<key>isa</key>
				<string>PBXGroup</string>
				<key>name</key>
				<string>posix</string>
				<key>sourceTree</key>
				<string>&lt;group&gt;</string>
			</dict>
			<key>C0C0BE98D954B57FE40C50AA</key>
			<dict>
				<key>fileRef</key>
				<string>2FC0D8FC5FB6AC4404B6E9CB</string>
				<key>isa</key>
				<string>PBXBuildFile</string>
			</dict>
			<key>2FC0D8FC5FB6AC4404B6E9CB</key>
			<dict>
				<key>explicitFileType</key>
				<string>sourcecode.cpp.cpp</string>
				<key>fileEncoding</key>
				<string>30</string>
				<key>isa</key>
				<string>PBXFileReference</string>
				<key>name</key>
				<string>NetworkingUtils.cpp</string>
				<key>path</key>
				<string>../../../../../addons/ofxOsc/libs/oscpack/src/ip/posix/NetworkingUtils.cpp</string>
				<key>sourceTree</key>
				<string>SOURCE_ROOT</string>
			</dict>
			<key>073C064FD97DDFA31702EB03</key>
			<dict>
				<key>explicitFileType</key>
				<string>sourcecode.c.h</string>
				<key>fileEncoding</key>
				<string>30</string>
				<key>isa</key>
				<string>PBXFileReference</string>
				<key>name</key>
				<string>PacketListener.h</string>
				<key>path</key>
				<string>../../../../../addons/ofxOsc/libs/oscpack/src/ip/PacketListener.h</string>
				<key>sourceTree</key>
				<string>SOURCE_ROOT</string>
			</dict>
			<key>469C18AB6B392B6E1C059707</key>
			<dict>
				<key>explicitFileType</key>
				<string>sourcecode.c.h</string>
				<key>fileEncoding</key>
				<string>30</string>
				<key>isa</key>
				<string>PBXFileReference</string>
				<key>name</key>
				<string>NetworkingUtils.h</string>
				<key>path</key>
				<string>../../../../../addons/ofxOsc/libs/oscpack/src/ip/NetworkingUtils.h</string>
				<key>sourceTree</key>
				<string>SOURCE_ROOT</string>
			</dict>
			<key>92C928C27C749E1161AE87E3</key>
			<dict>
				<key>explicitFileType</key>
				<string>sourcecode.c.h</string>
				<key>fileEncoding</key>
				<string>30</string>
				<key>isa</key>
				<string>PBXFileReference</string>
				<key>name</key>
				<string>IpEndpointName.h</string>
				<key>path</key>
				<string>../../../../../addons/ofxOsc/libs/oscpack/src/ip/IpEndpointName.h</string>
				<key>sourceTree</key>
				<string>SOURCE_ROOT</string>
			</dict>
			<key>FF8CDF57858E9B94E3237115</key>
			<dict>
				<key>children</key>
				<array>
					<string>A11C95787FD6CAE13695F5E4</string>
					<string>92C928C27C749E1161AE87E3</string>
					<string>469C18AB6B392B6E1C059707</string>
					<string>073C064FD97DDFA31702EB03</string>
					<string>641362CA659FAFEE4E81001B</string>
					<string>F5809202EF38B0D1F6C1DF57</string>
					<string>35409E3982CB22269144C447</string>
				</array>
				<key>isa</key>
				<string>PBXGroup</string>
				<key>name</key>
				<string>ip</string>
				<key>sourceTree</key>
				<string>&lt;group&gt;</string>
			</dict>
			<key>D27B2221A225CA523C019676</key>
			<dict>
				<key>children</key>
				<array>
					<string>FF8CDF57858E9B94E3237115</string>
					<string>30CB364908817057B430D528</string>
				</array>
				<key>isa</key>
				<string>PBXGroup</string>
				<key>name</key>
				<string>src</string>
				<key>sourceTree</key>
				<string>&lt;group&gt;</string>
			</dict>
			<key>86D2677079A3AF4A5A88E29A</key>
			<dict>
				<key>children</key>
				<array>
					<string>D27B2221A225CA523C019676</string>
				</array>
				<key>isa</key>
				<string>PBXGroup</string>
				<key>name</key>
				<string>oscpack</string>
				<key>sourceTree</key>
				<string>&lt;group&gt;</string>
			</dict>
			<key>38871A5825686AE018EC2BF0</key>
			<dict>
				<key>children</key>
				<array>
					<string>86D2677079A3AF4A5A88E29A</string>
				</array>
				<key>isa</key>
				<string>PBXGroup</string>
				<key>name</key>
				<string>libs</string>
				<key>sourceTree</key>
				<string>&lt;group&gt;</string>
			</dict>
			<key>CA8541CD1E0D15822EE868E3</key>
			<dict>
				<key>fileRef</key>
				<string>A11C95787FD6CAE13695F5E4</string>
				<key>isa</key>
				<string>PBXBuildFile</string>
			</dict>
			<key>A11C95787FD6CAE13695F5E4</key>
			<dict>
				<key>explicitFileType</key>
				<string>sourcecode.cpp.cpp</string>
				<key>fileEncoding</key>
				<string>30</string>
				<key>isa</key>
				<string>PBXFileReference</string>
				<key>name</key>
				<string>IpEndpointName.cpp</string>
				<key>path</key>
				<string>../../../../../addons/ofxOsc/libs/oscpack/src/ip/IpEndpointName.cpp</string>
				<key>sourceTree</key>
				<string>SOURCE_ROOT</string>
			</dict>
			<key>596F995D1C595EB867B18130</key>
			<dict>
				<key>explicitFileType</key>
				<string>sourcecode.c.h</string>
				<key>fileEncoding</key>
				<string>30</string>
				<key>isa</key>
				<string>PBXFileReference</string>
				<key>name</key>
				<string>ofxOscSender.h</string>
				<key>path</key>
				<string>../../../../../addons/ofxOsc/src/ofxOscSender.h</string>
				<key>sourceTree</key>
				<string>SOURCE_ROOT</string>
			</dict>
			<key>51F7C2A9CD81C0B4596E6C90</key>
			<dict>
				<key>fileRef</key>
				<string>2ACC1D6BB0403A899ABE1778</string>
				<key>isa</key>
				<string>PBXBuildFile</string>
			</dict>
			<key>2ACC1D6BB0403A899ABE1778</key>
			<dict>
				<key>explicitFileType</key>
				<string>sourcecode.cpp.cpp</string>
				<key>fileEncoding</key>
				<string>30</string>
				<key>isa</key>
				<string>PBXFileReference</string>
				<key>name</key>
				<string>ofxOscSender.cpp</string>
				<key>path</key>
				<string>../../../../../addons/ofxOsc/src/ofxOscSender.cpp</string>
				<key>sourceTree</key>
				<string>SOURCE_ROOT</string>
			</dict>
			<key>33E3987141B48E5051264038</key>
			<dict>
				<key>explicitFileType</key>
				<string>sourcecode.c.h</string>
				<key>fileEncoding</key>
				<string>30</string>
				<key>isa</key>
				<string>PBXFileReference</string>
				<key>name</key>
				<string>ofxOscReceiver.h</string>
				<key>path</key>
				<string>../../../../../addons/ofxOsc/src/ofxOscReceiver.h</string>
				<key>sourceTree</key>
				<string>SOURCE_ROOT</string>
			</dict>
			<key>C4538FCE74C623B1D74C849D</key>
			<dict>
				<key>fileRef</key>
				<string>F85F4BDD4457379992FD4927</string>
				<key>isa</key>
				<string>PBXBuildFile</string>
			</dict>
			<key>F85F4BDD4457379992FD4927</key>
			<dict>
				<key>explicitFileType</key>
				<string>sourcecode.cpp.cpp</string>
				<key>fileEncoding</key>
				<string>30</string>
				<key>isa</key>
				<string>PBXFileReference</string>
				<key>name</key>
				<string>ofxOscReceiver.cpp</string>
				<key>path</key>
				<string>../../../../../addons/ofxOsc/src/ofxOscReceiver.cpp</string>
				<key>sourceTree</key>
				<string>SOURCE_ROOT</string>
			</dict>
			<key>C34E32D201B39F48B7AFFFFA</key>
			<dict>
				<key>explicitFileType</key>
				<string>sourcecode.c.h</string>
				<key>fileEncoding</key>
				<string>30</string>
				<key>isa</key>
				<string>PBXFileReference</string>
				<key>name</key>
				<string>ofxOscParameterSync.h</string>
				<key>path</key>
				<string>../../../../../addons/ofxOsc/src/ofxOscParameterSync.h</string>
				<key>sourceTree</key>
				<string>SOURCE_ROOT</string>
			</dict>
			<key>02529B69D1A6A840B85D49DB</key>
			<dict>
				<key>fileRef</key>
				<string>41CC4A89DD6D04F60C1EDF50</string>
				<key>isa</key>
				<string>PBXBuildFile</string>
			</dict>
			<key>41CC4A89DD6D04F60C1EDF50</key>
			<dict>
				<key>explicitFileType</key>
				<string>sourcecode.cpp.cpp</string>
				<key>fileEncoding</key>
				<string>30</string>
				<key>isa</key>
				<string>PBXFileReference</string>
				<key>name</key>
				<string>ofxOscParameterSync.cpp</string>
				<key>path</key>
				<string>../../../../../addons/ofxOsc/src/ofxOscParameterSync.cpp</string>
				<key>sourceTree</key>
				<string>SOURCE_ROOT</string>
			</dict>
			<key>446EECFCD0AD69066F315AD0</key>
			<dict>
				<key>explicitFileType</key>
				<string>sourcecode.c.h</string>
				<key>fileEncoding</key>
				<string>30</string>
				<key>isa</key>
				<string>PBXFileReference</string>
				<key>name</key>
				<string>ofxOscMessage.h</string>
				<key>path</key>
				<string>../../../../../addons/ofxOsc/src/ofxOscMessage.h</string>
				<key>sourceTree</key>
				<string>SOURCE_ROOT</string>
			</dict>
			<key>9E046FFD47752F3EA005A23B</key>
			<dict>
				<key>fileRef</key>
				<string>6A9449D586F00834FA1C5F92</string>
				<key>isa</key>
				<string>PBXBuildFile</string>
			</dict>
			<key>6A9449D586F00834FA1C5F92</key>
			<dict>
				<key>explicitFileType</key>
				<string>sourcecode.cpp.cpp</string>
				<key>fileEncoding</key>
				<string>30</string>
				<key>isa</key>
				<string>PBXFileReference</string>
				<key>name</key>
				<string>ofxOscMessage.cpp</string>
				<key>path</key>
				<string>../../../../../addons/ofxOsc/src/ofxOscMessage.cpp</string>
				<key>sourceTree</key>
				<string>SOURCE_ROOT</string>
			</dict>
			<key>8989E2A12FD80506E08CF84E</key>
			<dict>
				<key>explicitFileType</key>
				<string>sourcecode.c.h</string>
				<key>fileEncoding</key>
				<string>30</string>
				<key>isa</key>
				<string>PBXFileReference</string>
				<key>name</key>
				<string>ofxOscBundle.h</string>
				<key>path</key>
				<string>../../../../../addons/ofxOsc/src/ofxOscBundle.h</string>
				<key>sourceTree</key>
				<string>SOURCE_ROOT</string>
			</dict>
			<key>62554EA4D6727148B598C134</key>
			<dict>
				<key>fileRef</key>
				<string>B1751138C406785A813E7A2D</string>
				<key>isa</key>
				<string>PBXBuildFile</string>
			</dict>
			<key>B1751138C406785A813E7A2D</key>
			<dict>
				<key>explicitFileType</key>
				<string>sourcecode.cpp.cpp</string>
				<key>fileEncoding</key>
				<string>30</string>
				<key>isa</key>
				<string>PBXFileReference</string>
				<key>name</key>
				<string>ofxOscBundle.cpp</string>
				<key>path</key>
				<string>../../../../../addons/ofxOsc/src/ofxOscBundle.cpp</string>
				<key>sourceTree</key>
				<string>SOURCE_ROOT</string>
			</dict>
			<key>D4432D53F08E6419B3BEA0E0</key>
			<dict>
				<key>explicitFileType</key>
				<string>sourcecode.c.h</string>
				<key>fileEncoding</key>
				<string>30</string>
				<key>isa</key>
				<string>PBXFileReference</string>
				<key>name</key>
				<string>ofxOscArg.h</string>
				<key>path</key>
				<string>../../../../../addons/ofxOsc/src/ofxOscArg.h</string>
				<key>sourceTree</key>
				<string>SOURCE_ROOT</string>
			</dict>
			<key>BD2F1A9F8D0C05EDB29122D0</key>
			<dict>
				<key>children</key>
				<array>
					<string>E570E6E2BCA35D9308AAE988</string>
					<string>D4432D53F08E6419B3BEA0E0</string>
					<string>B1751138C406785A813E7A2D</string>
					<string>8989E2A12FD80506E08CF84E</string>
					<string>6A9449D586F00834FA1C5F92</string>
					<string>446EECFCD0AD69066F315AD0</string>
					<string>41CC4A89DD6D04F60C1EDF50</string>
					<string>C34E32D201B39F48B7AFFFFA</string>
					<string>F85F4BDD4457379992FD4927</string>
					<string>33E3987141B48E5051264038</string>
					<string>2ACC1D6BB0403A899ABE1778</string>
					<string>596F995D1C595EB867B18130</string>
				</array>
				<key>isa</key>
				<string>PBXGroup</string>
				<key>name</key>
				<string>src</string>
				<key>sourceTree</key>
				<string>&lt;group&gt;</string>
			</dict>
			<key>E6053AB7FEC63D5F83825B88</key>
			<dict>
				<key>children</key>
				<array>
					<string>BD2F1A9F8D0C05EDB29122D0</string>
					<string>38871A5825686AE018EC2BF0</string>
				</array>
				<key>isa</key>
				<string>PBXGroup</string>
				<key>name</key>
				<string>ofxOsc</string>
				<key>sourceTree</key>
				<string>&lt;group&gt;</string>
			</dict>
			<key>E570E6E2BCA35D9308AAE988</key>
			<dict>
				<key>explicitFileType</key>
				<string>sourcecode.c.h</string>
				<key>fileEncoding</key>
				<string>30</string>
				<key>isa</key>
				<string>PBXFileReference</string>
				<key>name</key>
				<string>ofxOsc.h</string>
				<key>path</key>
				<string>../../../../../addons/ofxOsc/src/ofxOsc.h</string>
				<key>sourceTree</key>
				<string>SOURCE_ROOT</string>
			</dict>
			<key>BF9F4B42D42AA20B66666170</key>
			<dict>
				<key>explicitFileType</key>
				<string>sourcecode.c.h</string>
				<key>fileEncoding</key>
				<string>30</string>
				<key>isa</key>
				<string>PBXFileReference</string>
				<key>name</key>
				<string>ofxControlWidgetSelector.h</string>
				<key>path</key>
				<string>../../../../../addons/ofxControl/src/ofxControlWidgetSelector.h</string>
				<key>sourceTree</key>
				<string>SOURCE_ROOT</string>
			</dict>
			<key>B8B4ED16687B342BD86873F2</key>
			<dict>
				<key>fileRef</key>
				<string>02A4A2081B4392A403E15F4A</string>
				<key>isa</key>
				<string>PBXBuildFile</string>
			</dict>
			<key>02A4A2081B4392A403E15F4A</key>
			<dict>
				<key>explicitFileType</key>
				<string>sourcecode.cpp.cpp</string>
				<key>fileEncoding</key>
				<string>30</string>
				<key>isa</key>
				<string>PBXFileReference</string>
				<key>name</key>
				<string>ofxControlWidgetSelector.cpp</string>
				<key>path</key>
				<string>../../../../../addons/ofxControl/src/ofxControlWidgetSelector.cpp</string>
				<key>sourceTree</key>
				<string>SOURCE_ROOT</string>
			</dict>
			<key>12A11FF55748F3B0D353D339</key>
			<dict>
				<key>explicitFileType</key>
				<string>sourcecode.c.h</string>
				<key>fileEncoding</key>
				<string>30</string>
				<key>isa</key>
				<string>PBXFileReference</string>
				<key>name</key>
				<string>ofxControlWidget.h</string>
				<key>path</key>
				<string>../../../../../addons/ofxControl/src/ofxControlWidget.h</string>
				<key>sourceTree</key>
				<string>SOURCE_ROOT</string>
			</dict>
			<key>4229C3D51E83FE1F7E504D6D</key>
			<dict>
				<key>fileRef</key>
				<string>B4DF85E5C9B0CC92CFBA22CF</string>
				<key>isa</key>
				<string>PBXBuildFile</string>
			</dict>
			<key>B4DF85E5C9B0CC92CFBA22CF</key>
			<dict>
				<key>explicitFileType</key>
				<string>sourcecode.cpp.cpp</string>
				<key>fileEncoding</key>
				<string>30</string>
				<key>isa</key>
				<string>PBXFileReference</string>
				<key>name</key>
				<string>ofxControlWidget.cpp</string>
				<key>path</key>
				<string>../../../../../addons/ofxControl/src/ofxControlWidget.cpp</string>
				<key>sourceTree</key>
				<string>SOURCE_ROOT</string>
			</dict>
			<key>C91ABC5F0F504A04B4F2E2B6</key>
			<dict>
				<key>explicitFileType</key>
				<string>sourcecode.c.h</string>
				<key>fileEncoding</key>
				<string>30</string>
				<key>isa</key>
				<string>PBXFileReference</string>
				<key>name</key>
				<string>ofxControlTouchOSC.h</string>
				<key>path</key>
				<string>../../../../../addons/ofxControl/src/ofxControlTouchOSC.h</string>
				<key>sourceTree</key>
				<string>SOURCE_ROOT</string>
			</dict>
			<key>CF025D3E466647EC866B7E93</key>
			<dict>
				<key>fileRef</key>
				<string>B909D424AC2BD69A1AB6DD2A</string>
				<key>isa</key>
				<string>PBXBuildFile</string>
			</dict>
			<key>B909D424AC2BD69A1AB6DD2A</key>
			<dict>
				<key>explicitFileType</key>
				<string>sourcecode.cpp.cpp</string>
				<key>fileEncoding</key>
				<string>30</string>
				<key>isa</key>
				<string>PBXFileReference</string>
				<key>name</key>
				<string>ofxControlTouchOSC.cpp</string>
				<key>path</key>
				<string>../../../../../addons/ofxControl/src/ofxControlTouchOSC.cpp</string>
				<key>sourceTree</key>
				<string>SOURCE_ROOT</string>
			</dict>
			<key>9B6A460DDE2DE9905E262C5D</key>
			<dict>
				<key>explicitFileType</key>
				<string>sourcecode.c.h</string>
				<key>fileEncoding</key>
				<string>30</string>
				<key>isa</key>
				<string>PBXFileReference</string>
				<key>name</key>
				<string>ofxControlTextBox.h</string>
				<key>path</key>
				<string>../../../../../addons/ofxControl/src/ofxControlTextBox.h</string>
				<key>sourceTree</key>
				<string>SOURCE_ROOT</string>
			</dict>
			<key>99516985CF19074C950FCE11</key>
			<dict>
				<key>fileRef</key>
				<string>0F919036A83ADA2DFFB2173D</string>
				<key>isa</key>
				<string>PBXBuildFile</string>
			</dict>
			<key>0F919036A83ADA2DFFB2173D</key>
			<dict>
				<key>explicitFileType</key>
				<string>sourcecode.cpp.cpp</string>
				<key>fileEncoding</key>
				<string>30</string>
				<key>isa</key>
				<string>PBXFileReference</string>
				<key>name</key>
				<string>ofxControlTextBox.cpp</string>
				<key>path</key>
				<string>../../../../../addons/ofxControl/src/ofxControlTextBox.cpp</string>
				<key>sourceTree</key>
				<string>SOURCE_ROOT</string>
			</dict>
			<key>91E0769E627A118A7C868FE3</key>
			<dict>
				<key>explicitFileType</key>
				<string>sourcecode.c.h</string>
				<key>fileEncoding</key>
				<string>30</string>
				<key>isa</key>
				<string>PBXFileReference</string>
				<key>name</key>
				<string>ofxControlSlider.h</string>
				<key>path</key>
				<string>../../../../../addons/ofxControl/src/ofxControlSlider.h</string>
				<key>sourceTree</key>
				<string>SOURCE_ROOT</string>
			</dict>
			<key>1C1EE5E00B2801F2BEB01DE6</key>
			<dict>
				<key>fileRef</key>
				<string>52CAB4D2106CED5F6B089883</string>
				<key>isa</key>
				<string>PBXBuildFile</string>
			</dict>
			<key>52CAB4D2106CED5F6B089883</key>
			<dict>
				<key>explicitFileType</key>
				<string>sourcecode.cpp.cpp</string>
				<key>fileEncoding</key>
				<string>30</string>
				<key>isa</key>
				<string>PBXFileReference</string>
				<key>name</key>
				<string>ofxControlSlider.cpp</string>
				<key>path</key>
				<string>../../../../../addons/ofxControl/src/ofxControlSlider.cpp</string>
				<key>sourceTree</key>
				<string>SOURCE_ROOT</string>
			</dict>
			<key>A703D668C29C542139110325</key>
			<dict>
				<key>explicitFileType</key>
				<string>sourcecode.c.h</string>
				<key>fileEncoding</key>
				<string>30</string>
				<key>isa</key>
				<string>PBXFileReference</string>
				<key>name</key>
				<string>ofxControlSequencer.h</string>
				<key>path</key>
				<string>../../../../../addons/ofxControl/src/ofxControlSequencer.h</string>
				<key>sourceTree</key>
				<string>SOURCE_ROOT</string>
			</dict>
			<key>A2DE5E8A325C9527CAD89794</key>
			<dict>
				<key>fileRef</key>
				<string>59C97A1C58C5E3C732A76B47</string>
				<key>isa</key>
				<string>PBXBuildFile</string>
			</dict>
			<key>59C97A1C58C5E3C732A76B47</key>
			<dict>
				<key>explicitFileType</key>
				<string>sourcecode.cpp.cpp</string>
				<key>fileEncoding</key>
				<string>30</string>
				<key>isa</key>
				<string>PBXFileReference</string>
				<key>name</key>
				<string>ofxControlSequencer.cpp</string>
				<key>path</key>
				<string>../../../../../addons/ofxControl/src/ofxControlSequencer.cpp</string>
				<key>sourceTree</key>
				<string>SOURCE_ROOT</string>
			</dict>
			<key>9D1D4731F3F12FBE873BA7ED</key>
			<dict>
				<key>explicitFileType</key>
				<string>sourcecode.c.h</string>
				<key>fileEncoding</key>
				<string>30</string>
				<key>isa</key>
				<string>PBXFileReference</string>
				<key>name</key>
				<string>ofxControlSequence.h</string>
				<key>path</key>
				<string>../../../../../addons/ofxControl/src/ofxControlSequence.h</string>
				<key>sourceTree</key>
				<string>SOURCE_ROOT</string>
			</dict>
			<key>B40AAA7723A92101F300F66E</key>
			<dict>
				<key>fileRef</key>
				<string>62356E8E09C9E7D00891DB63</string>
				<key>isa</key>
				<string>PBXBuildFile</string>
			</dict>
			<key>62356E8E09C9E7D00891DB63</key>
			<dict>
				<key>explicitFileType</key>
				<string>sourcecode.cpp.cpp</string>
				<key>fileEncoding</key>
				<string>30</string>
				<key>isa</key>
				<string>PBXFileReference</string>
				<key>name</key>
				<string>ofxControlSequence.cpp</string>
				<key>path</key>
				<string>../../../../../addons/ofxControl/src/ofxControlSequence.cpp</string>
				<key>sourceTree</key>
				<string>SOURCE_ROOT</string>
			</dict>
			<key>C4D686D15E4AD420BF76B9CF</key>
			<dict>
				<key>explicitFileType</key>
				<string>sourcecode.c.h</string>
				<key>fileEncoding</key>
				<string>30</string>
				<key>isa</key>
				<string>PBXFileReference</string>
				<key>name</key>
				<string>ofxControlRangeSlider.h</string>
				<key>path</key>
				<string>../../../../../addons/ofxControl/src/ofxControlRangeSlider.h</string>
				<key>sourceTree</key>
				<string>SOURCE_ROOT</string>
			</dict>
			<key>28AECA78B1DEED999C100DF0</key>
			<dict>
				<key>fileRef</key>
				<string>4347616E6B6419ACFE96AC6C</string>
				<key>isa</key>
				<string>PBXBuildFile</string>
			</dict>
			<key>4347616E6B6419ACFE96AC6C</key>
			<dict>
				<key>explicitFileType</key>
				<string>sourcecode.cpp.cpp</string>
				<key>fileEncoding</key>
				<string>30</string>
				<key>isa</key>
				<string>PBXFileReference</string>
				<key>name</key>
				<string>ofxControlRangeSlider.cpp</string>
				<key>path</key>
				<string>../../../../../addons/ofxControl/src/ofxControlRangeSlider.cpp</string>
				<key>sourceTree</key>
				<string>SOURCE_ROOT</string>
			</dict>
			<key>71F71C0049B4B999CFC69865</key>
			<dict>
				<key>explicitFileType</key>
				<string>sourcecode.c.h</string>
				<key>fileEncoding</key>
				<string>30</string>
				<key>isa</key>
				<string>PBXFileReference</string>
				<key>name</key>
				<string>ofxControlParameter.h</string>
				<key>path</key>
				<string>../../../../../addons/ofxControl/src/ofxControlParameter.h</string>
				<key>sourceTree</key>
				<string>SOURCE_ROOT</string>
			</dict>
			<key>0DF38C0F1FC43257ABFF1791</key>
			<dict>
				<key>explicitFileType</key>
				<string>sourcecode.c.h</string>
				<key>fileEncoding</key>
				<string>30</string>
				<key>isa</key>
				<string>PBXFileReference</string>
				<key>name</key>
				<string>ofxControlPanel.h</string>
				<key>path</key>
				<string>../../../../../addons/ofxControl/src/ofxControlPanel.h</string>
				<key>sourceTree</key>
				<string>SOURCE_ROOT</string>
			</dict>
			<key>1E56DA3FAFB7D273E9C4EB2E</key>
			<dict>
				<key>fileRef</key>
				<string>657EF415B7A006E6B90E8D5C</string>
				<key>isa</key>
				<string>PBXBuildFile</string>
			</dict>
			<key>657EF415B7A006E6B90E8D5C</key>
			<dict>
				<key>explicitFileType</key>
				<string>sourcecode.cpp.cpp</string>
				<key>fileEncoding</key>
				<string>30</string>
				<key>isa</key>
				<string>PBXFileReference</string>
				<key>name</key>
				<string>ofxControlPanel.cpp</string>
				<key>path</key>
				<string>../../../../../addons/ofxControl/src/ofxControlPanel.cpp</string>
				<key>sourceTree</key>
				<string>SOURCE_ROOT</string>
			</dict>
			<key>2349B00B60D9D2E3371A22EA</key>
			<dict>
				<key>explicitFileType</key>
				<string>sourcecode.c.h</string>
				<key>fileEncoding</key>
				<string>30</string>
				<key>isa</key>
				<string>PBXFileReference</string>
				<key>name</key>
				<string>ofxControlOscManagerPanel.h</string>
				<key>path</key>
				<string>../../../../../addons/ofxControl/src/ofxControlOscManagerPanel.h</string>
				<key>sourceTree</key>
				<string>SOURCE_ROOT</string>
			</dict>
			<key>3CE4E48FAE2C37D61F6A200F</key>
			<dict>
				<key>fileRef</key>
				<string>98D1F7C2BC27E04E2FC82441</string>
				<key>isa</key>
				<string>PBXBuildFile</string>
			</dict>
			<key>98D1F7C2BC27E04E2FC82441</key>
			<dict>
				<key>explicitFileType</key>
				<string>sourcecode.cpp.cpp</string>
				<key>fileEncoding</key>
				<string>30</string>
				<key>isa</key>
				<string>PBXFileReference</string>
				<key>name</key>
				<string>ofxControlOscManagerPanel.cpp</string>
				<key>path</key>
				<string>../../../../../addons/ofxControl/src/ofxControlOscManagerPanel.cpp</string>
				<key>sourceTree</key>
				<string>SOURCE_ROOT</string>
			</dict>
			<key>BD47D6001BE3353D87AD9483</key>
			<dict>
				<key>explicitFileType</key>
				<string>sourcecode.c.h</string>
				<key>fileEncoding</key>
				<string>30</string>
				<key>isa</key>
				<string>PBXFileReference</string>
				<key>name</key>
				<string>ofxControlOscManager.h</string>
				<key>path</key>
				<string>../../../../../addons/ofxControl/src/ofxControlOscManager.h</string>
				<key>sourceTree</key>
				<string>SOURCE_ROOT</string>
			</dict>
			<key>FF051D52A8EB8E2505D002B7</key>
			<dict>
				<key>fileRef</key>
				<string>1353BC219A21B5D768BA7CD4</string>
				<key>isa</key>
				<string>PBXBuildFile</string>
			</dict>
			<key>1353BC219A21B5D768BA7CD4</key>
			<dict>
				<key>explicitFileType</key>
				<string>sourcecode.cpp.cpp</string>
				<key>fileEncoding</key>
				<string>30</string>
				<key>isa</key>
				<string>PBXFileReference</string>
				<key>name</key>
				<string>ofxControlOscManager.cpp</string>
				<key>path</key>
				<string>../../../../../addons/ofxControl/src/ofxControlOscManager.cpp</string>
				<key>sourceTree</key>
				<string>SOURCE_ROOT</string>
			</dict>
			<key>79C43572973AA8935E02118B</key>
			<dict>
				<key>explicitFileType</key>
				<string>sourcecode.c.h</string>
				<key>fileEncoding</key>
				<string>30</string>
				<key>isa</key>
				<string>PBXFileReference</string>
				<key>name</key>
				<string>ofxControlMultiSlider.h</string>
				<key>path</key>
				<string>../../../../../addons/ofxControl/src/ofxControlMultiSlider.h</string>
				<key>sourceTree</key>
				<string>SOURCE_ROOT</string>
			</dict>
			<key>333FDD27F59488244B031511</key>
			<dict>
				<key>fileRef</key>
				<string>0ABE547578491113AF41649F</string>
				<key>isa</key>
				<string>PBXBuildFile</string>
			</dict>
			<key>0ABE547578491113AF41649F</key>
			<dict>
				<key>explicitFileType</key>
				<string>sourcecode.cpp.cpp</string>
				<key>fileEncoding</key>
				<string>30</string>
				<key>isa</key>
				<string>PBXFileReference</string>
				<key>name</key>
				<string>ofxControlMultiSlider.cpp</string>
				<key>path</key>
				<string>../../../../../addons/ofxControl/src/ofxControlMultiSlider.cpp</string>
				<key>sourceTree</key>
				<string>SOURCE_ROOT</string>
			</dict>
			<key>87B160A6508005F8AF943173</key>
			<dict>
				<key>explicitFileType</key>
				<string>sourcecode.c.h</string>
				<key>fileEncoding</key>
				<string>30</string>
				<key>isa</key>
				<string>PBXFileReference</string>
				<key>name</key>
				<string>ofxControlMultiRangeSlider.h</string>
				<key>path</key>
				<string>../../../../../addons/ofxControl/src/ofxControlMultiRangeSlider.h</string>
				<key>sourceTree</key>
				<string>SOURCE_ROOT</string>
			</dict>
			<key>5E9ADC36CA97CB7164A3323F</key>
			<dict>
				<key>fileRef</key>
				<string>BC204A7AAF1073AD3D2330E8</string>
				<key>isa</key>
				<string>PBXBuildFile</string>
			</dict>
			<key>BC204A7AAF1073AD3D2330E8</key>
			<dict>
				<key>explicitFileType</key>
				<string>sourcecode.cpp.cpp</string>
				<key>fileEncoding</key>
				<string>30</string>
				<key>isa</key>
				<string>PBXFileReference</string>
				<key>name</key>
				<string>ofxControlMultiRangeSlider.cpp</string>
				<key>path</key>
				<string>../../../../../addons/ofxControl/src/ofxControlMultiRangeSlider.cpp</string>
				<key>sourceTree</key>
				<string>SOURCE_ROOT</string>
			</dict>
			<key>77B74B7E714E5A4C67BF646B</key>
			<dict>
				<key>explicitFileType</key>
				<string>sourcecode.c.h</string>
				<key>fileEncoding</key>
				<string>30</string>
				<key>isa</key>
				<string>PBXFileReference</string>
				<key>name</key>
				<string>ofxControlMultiElement.h</string>
				<key>path</key>
				<string>../../../../../addons/ofxControl/src/ofxControlMultiElement.h</string>
				<key>sourceTree</key>
				<string>SOURCE_ROOT</string>
			</dict>
			<key>0581E91AA5E8FBC6F87D54CC</key>
			<dict>
				<key>fileRef</key>
				<string>B17858A3F33FDBB5A3D71C46</string>
				<key>isa</key>
				<string>PBXBuildFile</string>
			</dict>
			<key>B17858A3F33FDBB5A3D71C46</key>
			<dict>
				<key>explicitFileType</key>
				<string>sourcecode.cpp.cpp</string>
				<key>fileEncoding</key>
				<string>30</string>
				<key>isa</key>
				<string>PBXFileReference</string>
				<key>name</key>
				<string>ofxControlMultiElement.cpp</string>
				<key>path</key>
				<string>../../../../../addons/ofxControl/src/ofxControlMultiElement.cpp</string>
				<key>sourceTree</key>
				<string>SOURCE_ROOT</string>
			</dict>
			<key>1918F2DFA90641AA9164EF52</key>
			<dict>
				<key>explicitFileType</key>
				<string>sourcecode.c.h</string>
				<key>fileEncoding</key>
				<string>30</string>
				<key>isa</key>
				<string>PBXFileReference</string>
				<key>name</key>
				<string>ofxControlMidiSequencer.h</string>
				<key>path</key>
				<string>../../../../../addons/ofxControl/src/ofxControlMidiSequencer.h</string>
				<key>sourceTree</key>
				<string>SOURCE_ROOT</string>
			</dict>
			<key>AFC731B5952BEFF697A55B9A</key>
			<dict>
				<key>fileRef</key>
				<string>56AF48D05258DB13E853CFD8</string>
				<key>isa</key>
				<string>PBXBuildFile</string>
			</dict>
			<key>56AF48D05258DB13E853CFD8</key>
			<dict>
				<key>explicitFileType</key>
				<string>sourcecode.cpp.cpp</string>
				<key>fileEncoding</key>
				<string>30</string>
				<key>isa</key>
				<string>PBXFileReference</string>
				<key>name</key>
				<string>ofxControlMidiSequencer.cpp</string>
				<key>path</key>
				<string>../../../../../addons/ofxControl/src/ofxControlMidiSequencer.cpp</string>
				<key>sourceTree</key>
				<string>SOURCE_ROOT</string>
			</dict>
			<key>761F06747DA16E57F39235B1</key>
			<dict>
				<key>explicitFileType</key>
				<string>sourcecode.c.h</string>
				<key>fileEncoding</key>
				<string>30</string>
				<key>isa</key>
				<string>PBXFileReference</string>
				<key>name</key>
				<string>ofxControlMenu.h</string>
				<key>path</key>
				<string>../../../../../addons/ofxControl/src/ofxControlMenu.h</string>
				<key>sourceTree</key>
				<string>SOURCE_ROOT</string>
			</dict>
			<key>5EC45BC52A6A257FBBC043D3</key>
			<dict>
				<key>fileRef</key>
				<string>4EE2E409C619611DE36E1213</string>
				<key>isa</key>
				<string>PBXBuildFile</string>
			</dict>
			<key>4EE2E409C619611DE36E1213</key>
			<dict>
				<key>explicitFileType</key>
				<string>sourcecode.cpp.cpp</string>
				<key>fileEncoding</key>
				<string>30</string>
				<key>isa</key>
				<string>PBXFileReference</string>
				<key>name</key>
				<string>ofxControlMenu.cpp</string>
				<key>path</key>
				<string>../../../../../addons/ofxControl/src/ofxControlMenu.cpp</string>
				<key>sourceTree</key>
				<string>SOURCE_ROOT</string>
			</dict>
			<key>F1CB3BCD4027D5486E96D9B5</key>
			<dict>
				<key>explicitFileType</key>
				<string>sourcecode.c.h</string>
				<key>fileEncoding</key>
				<string>30</string>
				<key>isa</key>
				<string>PBXFileReference</string>
				<key>name</key>
				<string>ofxControlElement.h</string>
				<key>path</key>
				<string>../../../../../addons/ofxControl/src/ofxControlElement.h</string>
				<key>sourceTree</key>
				<string>SOURCE_ROOT</string>
			</dict>
			<key>84529C25D30381EBC8A49020</key>
			<dict>
				<key>fileRef</key>
				<string>EBFC91D56A0D237CE5660B5C</string>
				<key>isa</key>
				<string>PBXBuildFile</string>
			</dict>
			<key>EBFC91D56A0D237CE5660B5C</key>
			<dict>
				<key>explicitFileType</key>
				<string>sourcecode.cpp.cpp</string>
				<key>fileEncoding</key>
				<string>30</string>
				<key>isa</key>
				<string>PBXFileReference</string>
				<key>name</key>
				<string>ofxControlElement.cpp</string>
				<key>path</key>
				<string>../../../../../addons/ofxControl/src/ofxControlElement.cpp</string>
				<key>sourceTree</key>
				<string>SOURCE_ROOT</string>
			</dict>
			<key>46A4817DF03B0077A70FE792</key>
			<dict>
				<key>explicitFileType</key>
				<string>sourcecode.c.h</string>
				<key>fileEncoding</key>
				<string>30</string>
				<key>isa</key>
				<string>PBXFileReference</string>
				<key>name</key>
				<string>ofxControlConstants.h</string>
				<key>path</key>
				<string>../../../../../addons/ofxControl/src/ofxControlConstants.h</string>
				<key>sourceTree</key>
				<string>SOURCE_ROOT</string>
			</dict>
			<key>05797E7196BC927515804F54</key>
			<dict>
				<key>explicitFileType</key>
				<string>sourcecode.c.h</string>
				<key>fileEncoding</key>
				<string>30</string>
				<key>isa</key>
				<string>PBXFileReference</string>
				<key>name</key>
				<string>ofxControlColor.h</string>
				<key>path</key>
				<string>../../../../../addons/ofxControl/src/ofxControlColor.h</string>
				<key>sourceTree</key>
				<string>SOURCE_ROOT</string>
			</dict>
			<key>7256BF0B8C7D3CB13B9CE267</key>
			<dict>
				<key>fileRef</key>
				<string>20FA5A11E1C96F7715CE3257</string>
				<key>isa</key>
				<string>PBXBuildFile</string>
			</dict>
			<key>20FA5A11E1C96F7715CE3257</key>
			<dict>
				<key>explicitFileType</key>
				<string>sourcecode.cpp.cpp</string>
				<key>fileEncoding</key>
				<string>30</string>
				<key>isa</key>
				<string>PBXFileReference</string>
				<key>name</key>
				<string>ofxControlColor.cpp</string>
				<key>path</key>
				<string>../../../../../addons/ofxControl/src/ofxControlColor.cpp</string>
				<key>sourceTree</key>
				<string>SOURCE_ROOT</string>
			</dict>
			<key>AC02601AECCF6071E26226EC</key>
			<dict>
				<key>explicitFileType</key>
				<string>sourcecode.c.h</string>
				<key>fileEncoding</key>
				<string>30</string>
				<key>isa</key>
				<string>PBXFileReference</string>
				<key>name</key>
				<string>ofxControlButton.h</string>
				<key>path</key>
				<string>../../../../../addons/ofxControl/src/ofxControlButton.h</string>
				<key>sourceTree</key>
				<string>SOURCE_ROOT</string>
			</dict>
			<key>1739DC6B6E04B6CB0C54151C</key>
			<dict>
				<key>fileRef</key>
				<string>023D385889C218387E2533E3</string>
				<key>isa</key>
				<string>PBXBuildFile</string>
			</dict>
			<key>023D385889C218387E2533E3</key>
			<dict>
				<key>explicitFileType</key>
				<string>sourcecode.cpp.cpp</string>
				<key>fileEncoding</key>
				<string>30</string>
				<key>isa</key>
				<string>PBXFileReference</string>
				<key>name</key>
				<string>ofxControlButton.cpp</string>
				<key>path</key>
				<string>../../../../../addons/ofxControl/src/ofxControlButton.cpp</string>
				<key>sourceTree</key>
				<string>SOURCE_ROOT</string>
			</dict>
			<key>8661C68A19FFD2B2136D0543</key>
			<dict>
				<key>explicitFileType</key>
				<string>sourcecode.c.h</string>
				<key>fileEncoding</key>
				<string>30</string>
				<key>isa</key>
				<string>PBXFileReference</string>
				<key>name</key>
				<string>ofxControlBpm.h</string>
				<key>path</key>
				<string>../../../../../addons/ofxControl/src/ofxControlBpm.h</string>
				<key>sourceTree</key>
				<string>SOURCE_ROOT</string>
			</dict>
			<key>FEA37C794F164C033B0AED9E</key>
			<dict>
				<key>fileRef</key>
				<string>D81B061886ED9CB78D35DE19</string>
				<key>isa</key>
				<string>PBXBuildFile</string>
			</dict>
			<key>D81B061886ED9CB78D35DE19</key>
			<dict>
				<key>explicitFileType</key>
				<string>sourcecode.cpp.cpp</string>
				<key>fileEncoding</key>
				<string>30</string>
				<key>isa</key>
				<string>PBXFileReference</string>
				<key>name</key>
				<string>ofxControlBpm.cpp</string>
				<key>path</key>
				<string>../../../../../addons/ofxControl/src/ofxControlBpm.cpp</string>
				<key>sourceTree</key>
				<string>SOURCE_ROOT</string>
			</dict>
			<key>411CDAEFF1FA2BCBEC70A8A4</key>
			<dict>
				<key>explicitFileType</key>
				<string>sourcecode.c.h</string>
				<key>fileEncoding</key>
				<string>30</string>
				<key>isa</key>
				<string>PBXFileReference</string>
				<key>name</key>
				<string>ofxControlBase.h</string>
				<key>path</key>
				<string>../../../../../addons/ofxControl/src/ofxControlBase.h</string>
				<key>sourceTree</key>
				<string>SOURCE_ROOT</string>
			</dict>
			<key>016A8047D503FF0BE51AF32A</key>
			<dict>
				<key>fileRef</key>
				<string>DF917F2C3E5DBDC6BCE1F55B</string>
				<key>isa</key>
				<string>PBXBuildFile</string>
			</dict>
			<key>DF917F2C3E5DBDC6BCE1F55B</key>
			<dict>
				<key>explicitFileType</key>
				<string>sourcecode.cpp.cpp</string>
				<key>fileEncoding</key>
				<string>30</string>
				<key>isa</key>
				<string>PBXFileReference</string>
				<key>name</key>
				<string>ofxControlBase.cpp</string>
				<key>path</key>
				<string>../../../../../addons/ofxControl/src/ofxControlBase.cpp</string>
				<key>sourceTree</key>
				<string>SOURCE_ROOT</string>
			</dict>
			<key>4B82B258F44020C0037E15B3</key>
			<dict>
				<key>explicitFileType</key>
				<string>sourcecode.c.h</string>
				<key>fileEncoding</key>
				<string>30</string>
				<key>isa</key>
				<string>PBXFileReference</string>
				<key>name</key>
				<string>ofxControl2dPad.h</string>
				<key>path</key>
				<string>../../../../../addons/ofxControl/src/ofxControl2dPad.h</string>
				<key>sourceTree</key>
				<string>SOURCE_ROOT</string>
			</dict>
			<key>B543DC34AC8F826D4D4756A5</key>
			<dict>
				<key>fileRef</key>
				<string>2F1AB716812B7D8CE07028C1</string>
				<key>isa</key>
				<string>PBXBuildFile</string>
			</dict>
			<key>2F1AB716812B7D8CE07028C1</key>
			<dict>
				<key>explicitFileType</key>
				<string>sourcecode.cpp.cpp</string>
				<key>fileEncoding</key>
				<string>30</string>
				<key>isa</key>
				<string>PBXFileReference</string>
				<key>name</key>
				<string>ofxControl2dPad.cpp</string>
				<key>path</key>
				<string>../../../../../addons/ofxControl/src/ofxControl2dPad.cpp</string>
				<key>sourceTree</key>
				<string>SOURCE_ROOT</string>
			</dict>
			<key>3D20F7EC9DE0E464331BE6A8</key>
			<dict>
				<key>explicitFileType</key>
				<string>sourcecode.c.h</string>
				<key>fileEncoding</key>
				<string>30</string>
				<key>isa</key>
				<string>PBXFileReference</string>
				<key>name</key>
				<string>ofxControl.h</string>
				<key>path</key>
				<string>../../../../../addons/ofxControl/src/ofxControl.h</string>
				<key>sourceTree</key>
				<string>SOURCE_ROOT</string>
			</dict>
			<key>68E7ED75C9980ADC8DE9BC0A</key>
			<dict>
				<key>explicitFileType</key>
				<string>sourcecode.c.h</string>
				<key>fileEncoding</key>
				<string>30</string>
				<key>isa</key>
				<string>PBXFileReference</string>
				<key>name</key>
				<string>Base64.h</string>
				<key>path</key>
				<string>../../../../../addons/ofxControl/src/Base64.h</string>
				<key>sourceTree</key>
				<string>SOURCE_ROOT</string>
			</dict>
			<key>394ADE714A1F85E60B5618AB</key>
			<dict>
				<key>children</key>
				<array>
					<string>BE3A72AE65527ABE4D0D2A8B</string>
					<string>68E7ED75C9980ADC8DE9BC0A</string>
					<string>3D20F7EC9DE0E464331BE6A8</string>
					<string>2F1AB716812B7D8CE07028C1</string>
					<string>4B82B258F44020C0037E15B3</string>
					<string>DF917F2C3E5DBDC6BCE1F55B</string>
					<string>411CDAEFF1FA2BCBEC70A8A4</string>
					<string>D81B061886ED9CB78D35DE19</string>
					<string>8661C68A19FFD2B2136D0543</string>
					<string>023D385889C218387E2533E3</string>
					<string>AC02601AECCF6071E26226EC</string>
					<string>20FA5A11E1C96F7715CE3257</string>
					<string>05797E7196BC927515804F54</string>
					<string>46A4817DF03B0077A70FE792</string>
					<string>EBFC91D56A0D237CE5660B5C</string>
					<string>F1CB3BCD4027D5486E96D9B5</string>
					<string>4EE2E409C619611DE36E1213</string>
					<string>761F06747DA16E57F39235B1</string>
					<string>56AF48D05258DB13E853CFD8</string>
					<string>1918F2DFA90641AA9164EF52</string>
					<string>B17858A3F33FDBB5A3D71C46</string>
					<string>77B74B7E714E5A4C67BF646B</string>
					<string>BC204A7AAF1073AD3D2330E8</string>
					<string>87B160A6508005F8AF943173</string>
					<string>0ABE547578491113AF41649F</string>
					<string>79C43572973AA8935E02118B</string>
					<string>1353BC219A21B5D768BA7CD4</string>
					<string>BD47D6001BE3353D87AD9483</string>
					<string>98D1F7C2BC27E04E2FC82441</string>
					<string>2349B00B60D9D2E3371A22EA</string>
					<string>657EF415B7A006E6B90E8D5C</string>
					<string>0DF38C0F1FC43257ABFF1791</string>
					<string>71F71C0049B4B999CFC69865</string>
					<string>4347616E6B6419ACFE96AC6C</string>
					<string>C4D686D15E4AD420BF76B9CF</string>
					<string>62356E8E09C9E7D00891DB63</string>
					<string>9D1D4731F3F12FBE873BA7ED</string>
					<string>59C97A1C58C5E3C732A76B47</string>
					<string>A703D668C29C542139110325</string>
					<string>52CAB4D2106CED5F6B089883</string>
					<string>91E0769E627A118A7C868FE3</string>
					<string>0F919036A83ADA2DFFB2173D</string>
					<string>9B6A460DDE2DE9905E262C5D</string>
					<string>B909D424AC2BD69A1AB6DD2A</string>
					<string>C91ABC5F0F504A04B4F2E2B6</string>
					<string>B4DF85E5C9B0CC92CFBA22CF</string>
					<string>12A11FF55748F3B0D353D339</string>
					<string>02A4A2081B4392A403E15F4A</string>
					<string>BF9F4B42D42AA20B66666170</string>
				</array>
				<key>isa</key>
				<string>PBXGroup</string>
				<key>name</key>
				<string>src</string>
				<key>sourceTree</key>
				<string>&lt;group&gt;</string>
			</dict>
			<key>157A2C65AD89F30A11EAE48C</key>
			<dict>
				<key>children</key>
				<array>
					<string>394ADE714A1F85E60B5618AB</string>
				</array>
				<key>isa</key>
				<string>PBXGroup</string>
				<key>name</key>
				<string>ofxControl</string>
				<key>sourceTree</key>
				<string>&lt;group&gt;</string>
			</dict>
			<key>4D1A5DED393AC2A0B2351D27</key>
			<dict>
				<key>fileRef</key>
				<string>BE3A72AE65527ABE4D0D2A8B</string>
				<key>isa</key>
				<string>PBXBuildFile</string>
			</dict>
			<key>BE3A72AE65527ABE4D0D2A8B</key>
			<dict>
				<key>explicitFileType</key>
				<string>sourcecode.cpp.cpp</string>
				<key>fileEncoding</key>
				<string>30</string>
				<key>isa</key>
				<string>PBXFileReference</string>
				<key>name</key>
				<string>Base64.cpp</string>
				<key>path</key>
				<string>../../../../../addons/ofxControl/src/Base64.cpp</string>
				<key>sourceTree</key>
				<string>SOURCE_ROOT</string>
			</dict>
			<key>3411A54F873A80558DF696DD</key>
			<dict>
				<key>explicitFileType</key>
				<string>sourcecode.c.h</string>
				<key>fileEncoding</key>
				<string>30</string>
				<key>isa</key>
				<string>PBXFileReference</string>
				<key>name</key>
				<string>ofxAbletonLiveTrack.h</string>
				<key>path</key>
				<string>../../../../../addons/ofxAbletonLive/src/ofxAbletonLiveTrack.h</string>
				<key>sourceTree</key>
				<string>SOURCE_ROOT</string>
			</dict>
			<key>434722B849E137611DB9C76C</key>
			<dict>
				<key>fileRef</key>
				<string>EAFD0B63CADB80F2B1769684</string>
				<key>isa</key>
				<string>PBXBuildFile</string>
			</dict>
			<key>EAFD0B63CADB80F2B1769684</key>
			<dict>
				<key>explicitFileType</key>
				<string>sourcecode.cpp.cpp</string>
				<key>fileEncoding</key>
				<string>30</string>
				<key>isa</key>
				<string>PBXFileReference</string>
				<key>name</key>
				<string>ofxAbletonLiveTrack.cpp</string>
				<key>path</key>
				<string>../../../../../addons/ofxAbletonLive/src/ofxAbletonLiveTrack.cpp</string>
				<key>sourceTree</key>
				<string>SOURCE_ROOT</string>
			</dict>
			<key>00D52D76E5D299D2C9CAACC8</key>
			<dict>
				<key>explicitFileType</key>
				<string>sourcecode.c.h</string>
				<key>fileEncoding</key>
				<string>30</string>
				<key>isa</key>
				<string>PBXFileReference</string>
				<key>name</key>
				<string>ofxAbletonLiveParameter.h</string>
				<key>path</key>
				<string>../../../../../addons/ofxAbletonLive/src/ofxAbletonLiveParameter.h</string>
				<key>sourceTree</key>
				<string>SOURCE_ROOT</string>
			</dict>
			<key>F8164D6EED5E9547DC65A288</key>
			<dict>
				<key>fileRef</key>
				<string>D59505658DD3E990C822F4BD</string>
				<key>isa</key>
				<string>PBXBuildFile</string>
			</dict>
			<key>D59505658DD3E990C822F4BD</key>
			<dict>
				<key>explicitFileType</key>
				<string>sourcecode.cpp.cpp</string>
				<key>fileEncoding</key>
				<string>30</string>
				<key>isa</key>
				<string>PBXFileReference</string>
				<key>name</key>
				<string>ofxAbletonLiveParameter.cpp</string>
				<key>path</key>
				<string>../../../../../addons/ofxAbletonLive/src/ofxAbletonLiveParameter.cpp</string>
				<key>sourceTree</key>
				<string>SOURCE_ROOT</string>
			</dict>
			<key>E831A8943B44A15EBD8E5439</key>
			<dict>
				<key>explicitFileType</key>
				<string>sourcecode.c.h</string>
				<key>fileEncoding</key>
				<string>30</string>
				<key>isa</key>
				<string>PBXFileReference</string>
				<key>name</key>
				<string>ofxAbletonLiveDevice.h</string>
				<key>path</key>
				<string>../../../../../addons/ofxAbletonLive/src/ofxAbletonLiveDevice.h</string>
				<key>sourceTree</key>
				<string>SOURCE_ROOT</string>
			</dict>
			<key>D8E43EB17B320DE8F2E0A832</key>
			<dict>
				<key>fileRef</key>
				<string>A964B78C0AE64F70C206903F</string>
				<key>isa</key>
				<string>PBXBuildFile</string>
			</dict>
			<key>A964B78C0AE64F70C206903F</key>
			<dict>
				<key>explicitFileType</key>
				<string>sourcecode.cpp.cpp</string>
				<key>fileEncoding</key>
				<string>30</string>
				<key>isa</key>
				<string>PBXFileReference</string>
				<key>name</key>
				<string>ofxAbletonLiveDevice.cpp</string>
				<key>path</key>
				<string>../../../../../addons/ofxAbletonLive/src/ofxAbletonLiveDevice.cpp</string>
				<key>sourceTree</key>
				<string>SOURCE_ROOT</string>
			</dict>
			<key>97AFD962178634028CBA946B</key>
			<dict>
				<key>explicitFileType</key>
				<string>sourcecode.c.h</string>
				<key>fileEncoding</key>
				<string>30</string>
				<key>isa</key>
				<string>PBXFileReference</string>
				<key>name</key>
				<string>ofxAbletonLiveClip.h</string>
				<key>path</key>
				<string>../../../../../addons/ofxAbletonLive/src/ofxAbletonLiveClip.h</string>
				<key>sourceTree</key>
				<string>SOURCE_ROOT</string>
			</dict>
			<key>15E22AA46FFF9AD32DA60D48</key>
			<dict>
				<key>fileRef</key>
				<string>75ACEAC202BECF77ADB8042B</string>
				<key>isa</key>
				<string>PBXBuildFile</string>
			</dict>
			<key>75ACEAC202BECF77ADB8042B</key>
			<dict>
				<key>explicitFileType</key>
				<string>sourcecode.cpp.cpp</string>
				<key>fileEncoding</key>
				<string>30</string>
				<key>isa</key>
				<string>PBXFileReference</string>
				<key>name</key>
				<string>ofxAbletonLiveClip.cpp</string>
				<key>path</key>
				<string>../../../../../addons/ofxAbletonLive/src/ofxAbletonLiveClip.cpp</string>
				<key>sourceTree</key>
				<string>SOURCE_ROOT</string>
			</dict>
			<key>4CB7212D91A3D908E1561AD8</key>
			<dict>
				<key>explicitFileType</key>
				<string>sourcecode.c.h</string>
				<key>fileEncoding</key>
				<string>30</string>
				<key>isa</key>
				<string>PBXFileReference</string>
				<key>name</key>
				<string>ofxAbletonLive.h</string>
				<key>path</key>
				<string>../../../../../addons/ofxAbletonLive/src/ofxAbletonLive.h</string>
				<key>sourceTree</key>
				<string>SOURCE_ROOT</string>
			</dict>
			<key>E87BD67B460D2097E01AC90C</key>
			<dict>
				<key>children</key>
				<array>
					<string>3FB25BEF943A7F205E60C806</string>
					<string>4CB7212D91A3D908E1561AD8</string>
					<string>75ACEAC202BECF77ADB8042B</string>
					<string>97AFD962178634028CBA946B</string>
					<string>A964B78C0AE64F70C206903F</string>
					<string>E831A8943B44A15EBD8E5439</string>
					<string>D59505658DD3E990C822F4BD</string>
					<string>00D52D76E5D299D2C9CAACC8</string>
					<string>EAFD0B63CADB80F2B1769684</string>
					<string>3411A54F873A80558DF696DD</string>
				</array>
				<key>isa</key>
				<string>PBXGroup</string>
				<key>name</key>
				<string>src</string>
				<key>sourceTree</key>
				<string>&lt;group&gt;</string>
			</dict>
			<key>2BD862020B7783ABB823FBFF</key>
			<dict>
				<key>children</key>
				<array>
					<string>E87BD67B460D2097E01AC90C</string>
				</array>
				<key>isa</key>
				<string>PBXGroup</string>
				<key>name</key>
				<string>ofxAbletonLive</string>
				<key>sourceTree</key>
				<string>&lt;group&gt;</string>
			</dict>
			<key>29D840630F9CBC56605D0A60</key>
			<dict>
				<key>fileRef</key>
				<string>3FB25BEF943A7F205E60C806</string>
				<key>isa</key>
				<string>PBXBuildFile</string>
			</dict>
			<key>3FB25BEF943A7F205E60C806</key>
			<dict>
				<key>explicitFileType</key>
				<string>sourcecode.cpp.cpp</string>
				<key>fileEncoding</key>
				<string>30</string>
				<key>isa</key>
				<string>PBXFileReference</string>
				<key>name</key>
				<string>ofxAbletonLive.cpp</string>
				<key>path</key>
				<string>../../../../../addons/ofxAbletonLive/src/ofxAbletonLive.cpp</string>
				<key>sourceTree</key>
				<string>SOURCE_ROOT</string>
			</dict>
			<key>0D8632DB7D6901F3D54AAF4D</key>
			<dict>
				<key>explicitFileType</key>
				<string>sourcecode.c.h</string>
				<key>fileEncoding</key>
				<string>30</string>
				<key>isa</key>
				<string>PBXFileReference</string>
				<key>name</key>
				<string>AbletonGui.h</string>
				<key>path</key>
				<string>src/AbletonGui.h</string>
				<key>sourceTree</key>
				<string>SOURCE_ROOT</string>
			</dict>
			<key>27B70A41FEF385CBDAE08F8A</key>
			<dict>
				<key>fileRef</key>
				<string>AC6A8E7D7E583D47D6909E54</string>
				<key>isa</key>
				<string>PBXBuildFile</string>
			</dict>
			<key>AC6A8E7D7E583D47D6909E54</key>
			<dict>
				<key>explicitFileType</key>
				<string>sourcecode.cpp.cpp</string>
				<key>fileEncoding</key>
				<string>30</string>
				<key>isa</key>
				<string>PBXFileReference</string>
				<key>name</key>
				<string>AbletonGui.cpp</string>
				<key>path</key>
				<string>src/AbletonGui.cpp</string>
				<key>sourceTree</key>
				<string>SOURCE_ROOT</string>
			</dict>
			<key>BB4B014C10F69532006C3DED</key>
			<dict>
				<key>children</key>
				<array>
					<string>2BD862020B7783ABB823FBFF</string>
					<string>157A2C65AD89F30A11EAE48C</string>
					<string>E6053AB7FEC63D5F83825B88</string>
				</array>
				<key>isa</key>
				<string>PBXGroup</string>
				<key>name</key>
				<string>addons</string>
				<key>sourceTree</key>
				<string>&lt;group&gt;</string>
			</dict>
			<key>6948EE371B920CB800B5AC1A</key>
			<dict>
				<key>children</key>
				<array />
				<key>isa</key>
				<string>PBXGroup</string>
				<key>name</key>
				<string>local_addons</string>
				<key>sourceTree</key>
				<string>&lt;group&gt;</string>
			</dict>
			<key>E4328143138ABC890047C5CB</key>
			<dict>
				<key>isa</key>
				<string>PBXFileReference</string>
				<key>lastKnownFileType</key>
				<string>wrapper.pb-project</string>
				<key>name</key>
				<string>openFrameworksLib.xcodeproj</string>
				<key>path</key>
				<string>../../../../../libs/openFrameworksCompiled/project/osx/openFrameworksLib.xcodeproj</string>
				<key>sourceTree</key>
				<string>SOURCE_ROOT</string>
			</dict>
			<key>E4328144138ABC890047C5CB</key>
			<dict>
				<key>children</key>
				<array>
					<string>E4328148138ABC890047C5CB</string>
				</array>
				<key>isa</key>
				<string>PBXGroup</string>
				<key>name</key>
				<string>Products</string>
				<key>sourceTree</key>
				<string>&lt;group&gt;</string>
			</dict>
			<key>E4328147138ABC890047C5CB</key>
			<dict>
				<key>containerPortal</key>
				<string>E4328143138ABC890047C5CB</string>
				<key>isa</key>
				<string>PBXContainerItemProxy</string>
				<key>proxyType</key>
				<string>2</string>
				<key>remoteGlobalIDString</key>
				<string>E4B27C1510CBEB8E00536013</string>
				<key>remoteInfo</key>
				<string>openFrameworks</string>
			</dict>
			<key>E4328148138ABC890047C5CB</key>
			<dict>
				<key>fileType</key>
				<string>archive.ar</string>
				<key>isa</key>
				<string>PBXReferenceProxy</string>
				<key>path</key>
				<string>openFrameworksDebug.a</string>
				<key>remoteRef</key>
				<string>E4328147138ABC890047C5CB</string>
				<key>sourceTree</key>
				<string>BUILT_PRODUCTS_DIR</string>
			</dict>
			<key>E4328149138ABC9F0047C5CB</key>
			<dict>
				<key>fileRef</key>
				<string>E4328148138ABC890047C5CB</string>
				<key>isa</key>
				<string>PBXBuildFile</string>
			</dict>
			<key>E4B69B4A0A3A1720003C02F2</key>
			<dict>
				<key>children</key>
				<array>
					<string>E4B6FCAD0C3E899E008CF71C</string>
					<string>E4EB6923138AFD0F00A09F29</string>
					<string>E4B69E1C0A3A1BDC003C02F2</string>
					<string>E4EEC9E9138DF44700A80321</string>
					<string>BB4B014C10F69532006C3DED</string>
					<string>6948EE371B920CB800B5AC1A</string>
					<string>E4B69B5B0A3A1756003C02F2</string>
				</array>
				<key>isa</key>
				<string>PBXGroup</string>
				<key>sourceTree</key>
				<string>&lt;group&gt;</string>
			</dict>
			<key>E4B69B4C0A3A1720003C02F2</key>
			<dict>
				<key>attributes</key>
				<dict>
					<key>LastUpgradeCheck</key>
					<string>0600</string>
				</dict>
				<key>buildConfigurationList</key>
				<string>E4B69B4D0A3A1720003C02F2</string>
				<key>compatibilityVersion</key>
				<string>Xcode 3.2</string>
				<key>developmentRegion</key>
				<string>English</string>
				<key>hasScannedForEncodings</key>
				<string>0</string>
				<key>isa</key>
				<string>PBXProject</string>
				<key>knownRegions</key>
				<array>
					<string>English</string>
					<string>Japanese</string>
					<string>French</string>
					<string>German</string>
				</array>
				<key>mainGroup</key>
				<string>E4B69B4A0A3A1720003C02F2</string>
				<key>productRefGroup</key>
				<string>E4B69B4A0A3A1720003C02F2</string>
				<key>projectDirPath</key>
				<string />
				<key>projectReferences</key>
				<array>
					<dict>
						<key>ProductGroup</key>
						<string>E4328144138ABC890047C5CB</string>
						<key>ProjectRef</key>
						<string>E4328143138ABC890047C5CB</string>
					</dict>
				</array>
				<key>projectRoot</key>
				<string />
				<key>targets</key>
				<array>
					<string>E4B69B5A0A3A1756003C02F2</string>
				</array>
			</dict>
			<key>E4B69B4D0A3A1720003C02F2</key>
			<dict>
				<key>buildConfigurations</key>
				<array>
					<string>E4B69B4E0A3A1720003C02F2</string>
					<string>E4B69B4F0A3A1720003C02F2</string>
				</array>
				<key>defaultConfigurationIsVisible</key>
				<string>0</string>
				<key>defaultConfigurationName</key>
				<string>Release</string>
				<key>isa</key>
				<string>XCConfigurationList</string>
			</dict>
			<key>E4B69B4E0A3A1720003C02F2</key>
			<dict>
				<key>baseConfigurationReference</key>
				<string>E4EB6923138AFD0F00A09F29</string>
				<key>buildSettings</key>
				<dict>
					<key>HEADER_SEARCH_PATHS</key>
					<array>
						<string>$(OF_CORE_HEADERS)</string>
						<string>src</string>
						<string>../../../../../addons/ofxAbletonLive/src</string>
						<string>../../../../../addons/ofxControl/src</string>
						<string>../../../../../addons/ofxOsc/libs</string>
						<string>../../../../../addons/ofxOsc/libs/oscpack</string>
						<string>../../../../../addons/ofxOsc/libs/oscpack/src</string>
						<string>../../../../../addons/ofxOsc/libs/oscpack/src/ip</string>
						<string>../../../../../addons/ofxOsc/libs/oscpack/src/ip/posix</string>
						<string>../../../../../addons/ofxOsc/libs/oscpack/src/ip/win32</string>
						<string>../../../../../addons/ofxOsc/libs/oscpack/src/osc</string>
						<string>../../../../../addons/ofxOsc/src</string>
					</array>
					<key>CONFIGURATION_BUILD_DIR</key>
					<string>$(SRCROOT)/bin/</string>
					<key>COPY_PHASE_STRIP</key>
					<string>NO</string>
					<key>DEAD_CODE_STRIPPING</key>
					<string>YES</string>
					<key>GCC_AUTO_VECTORIZATION</key>
					<string>YES</string>
					<key>GCC_ENABLE_SSE3_EXTENSIONS</key>
					<string>YES</string>
					<key>GCC_ENABLE_SUPPLEMENTAL_SSE3_INSTRUCTIONS</key>
					<string>YES</string>
					<key>GCC_INLINES_ARE_PRIVATE_EXTERN</key>
					<string>NO</string>
					<key>GCC_OPTIMIZATION_LEVEL</key>
					<string>0</string>
					<key>GCC_SYMBOLS_PRIVATE_EXTERN</key>
					<string>NO</string>
					<key>GCC_WARN_ABOUT_DEPRECATED_FUNCTIONS</key>
					<string>YES</string>
					<key>GCC_WARN_ABOUT_INVALID_OFFSETOF_MACRO</key>
					<string>NO</string>
					<key>GCC_WARN_ALLOW_INCOMPLETE_PROTOCOL</key>
					<string>NO</string>
					<key>GCC_WARN_UNINITIALIZED_AUTOS</key>
					<string>NO</string>
					<key>GCC_WARN_UNUSED_VALUE</key>
					<string>NO</string>
					<key>GCC_WARN_UNUSED_VARIABLE</key>
					<string>NO</string>
					<key>MACOSX_DEPLOYMENT_TARGET</key>
					<string>10.8</string>
					<key>ONLY_ACTIVE_ARCH</key>
					<string>YES</string>
					<key>OTHER_CPLUSPLUSFLAGS</key>
					<array>
						<string>-D__MACOSX_CORE__</string>
						<string>-mtune=native</string>
					</array>
					<key>SDKROOT</key>
					<string>macosx</string>
				</dict>
				<key>isa</key>
				<string>XCBuildConfiguration</string>
				<key>name</key>
				<string>Debug</string>
			</dict>
			<key>E4B69B4F0A3A1720003C02F2</key>
			<dict>
				<key>baseConfigurationReference</key>
				<string>E4EB6923138AFD0F00A09F29</string>
				<key>buildSettings</key>
				<dict>
					<key>HEADER_SEARCH_PATHS</key>
					<array>
						<string>$(OF_CORE_HEADERS)</string>
						<string>src</string>
						<string>../../../../../addons/ofxAbletonLive/src</string>
						<string>../../../../../addons/ofxControl/src</string>
						<string>../../../../../addons/ofxOsc/libs</string>
						<string>../../../../../addons/ofxOsc/libs/oscpack</string>
						<string>../../../../../addons/ofxOsc/libs/oscpack/src</string>
						<string>../../../../../addons/ofxOsc/libs/oscpack/src/ip</string>
						<string>../../../../../addons/ofxOsc/libs/oscpack/src/ip/posix</string>
						<string>../../../../../addons/ofxOsc/libs/oscpack/src/ip/win32</string>
						<string>../../../../../addons/ofxOsc/libs/oscpack/src/osc</string>
						<string>../../../../../addons/ofxOsc/src</string>
					</array>
					<key>CONFIGURATION_BUILD_DIR</key>
					<string>$(SRCROOT)/bin/</string>
					<key>COPY_PHASE_STRIP</key>
					<string>YES</string>
					<key>DEAD_CODE_STRIPPING</key>
					<string>YES</string>
					<key>GCC_AUTO_VECTORIZATION</key>
					<string>YES</string>
					<key>GCC_ENABLE_SSE3_EXTENSIONS</key>
					<string>YES</string>
					<key>GCC_ENABLE_SUPPLEMENTAL_SSE3_INSTRUCTIONS</key>
					<string>YES</string>
					<key>GCC_INLINES_ARE_PRIVATE_EXTERN</key>
					<string>NO</string>
					<key>GCC_OPTIMIZATION_LEVEL</key>
					<string>3</string>
					<key>GCC_SYMBOLS_PRIVATE_EXTERN</key>
					<string>NO</string>
					<key>GCC_UNROLL_LOOPS</key>
					<string>YES</string>
					<key>GCC_WARN_ABOUT_DEPRECATED_FUNCTIONS</key>
					<string>YES</string>
					<key>GCC_WARN_ABOUT_INVALID_OFFSETOF_MACRO</key>
					<string>NO</string>
					<key>GCC_WARN_ALLOW_INCOMPLETE_PROTOCOL</key>
					<string>NO</string>
					<key>GCC_WARN_UNINITIALIZED_AUTOS</key>
					<string>NO</string>
					<key>GCC_WARN_UNUSED_VALUE</key>
					<string>NO</string>
					<key>GCC_WARN_UNUSED_VARIABLE</key>
					<string>NO</string>
					<key>MACOSX_DEPLOYMENT_TARGET</key>
					<string>10.8</string>
					<key>OTHER_CPLUSPLUSFLAGS</key>
					<array>
						<string>-D__MACOSX_CORE__</string>
						<string>-mtune=native</string>
					</array>
					<key>SDKROOT</key>
					<string>macosx</string>
				</dict>
				<key>isa</key>
				<string>XCBuildConfiguration</string>
				<key>name</key>
				<string>Release</string>
			</dict>
			<key>E4B69B580A3A1756003C02F2</key>
			<dict>
				<key>buildActionMask</key>
				<string>2147483647</string>
				<key>files</key>
				<array>
					<string>E4B69E200A3A1BDC003C02F2</string>
					<string>E4B69E210A3A1BDC003C02F2</string>
					<string>27B70A41FEF385CBDAE08F8A</string>
					<string>29D840630F9CBC56605D0A60</string>
					<string>15E22AA46FFF9AD32DA60D48</string>
					<string>D8E43EB17B320DE8F2E0A832</string>
					<string>F8164D6EED5E9547DC65A288</string>
					<string>434722B849E137611DB9C76C</string>
					<string>4D1A5DED393AC2A0B2351D27</string>
					<string>B543DC34AC8F826D4D4756A5</string>
					<string>016A8047D503FF0BE51AF32A</string>
					<string>FEA37C794F164C033B0AED9E</string>
					<string>1739DC6B6E04B6CB0C54151C</string>
					<string>7256BF0B8C7D3CB13B9CE267</string>
					<string>84529C25D30381EBC8A49020</string>
					<string>5EC45BC52A6A257FBBC043D3</string>
					<string>AFC731B5952BEFF697A55B9A</string>
					<string>0581E91AA5E8FBC6F87D54CC</string>
					<string>5E9ADC36CA97CB7164A3323F</string>
					<string>333FDD27F59488244B031511</string>
					<string>FF051D52A8EB8E2505D002B7</string>
					<string>3CE4E48FAE2C37D61F6A200F</string>
					<string>1E56DA3FAFB7D273E9C4EB2E</string>
					<string>28AECA78B1DEED999C100DF0</string>
					<string>B40AAA7723A92101F300F66E</string>
					<string>A2DE5E8A325C9527CAD89794</string>
					<string>1C1EE5E00B2801F2BEB01DE6</string>
					<string>99516985CF19074C950FCE11</string>
					<string>CF025D3E466647EC866B7E93</string>
					<string>4229C3D51E83FE1F7E504D6D</string>
					<string>B8B4ED16687B342BD86873F2</string>
					<string>62554EA4D6727148B598C134</string>
					<string>9E046FFD47752F3EA005A23B</string>
					<string>02529B69D1A6A840B85D49DB</string>
					<string>C4538FCE74C623B1D74C849D</string>
					<string>51F7C2A9CD81C0B4596E6C90</string>
					<string>CA8541CD1E0D15822EE868E3</string>
					<string>C0C0BE98D954B57FE40C50AA</string>
					<string>8F8DBEC8234C6D0B123321EE</string>
					<string>373977EC7C308404FB594381</string>
					<string>7F24BD9DD55859A886184BE0</string>
					<string>C296E3FB6B4026E1DA2BD2CA</string>
					<string>23BB43024A47A4322F39BE78</string>
				</array>
				<key>isa</key>
				<string>PBXSourcesBuildPhase</string>
				<key>runOnlyForDeploymentPostprocessing</key>
				<string>0</string>
			</dict>
			<key>E4B69B590A3A1756003C02F2</key>
			<dict>
				<key>buildActionMask</key>
				<string>2147483647</string>
				<key>files</key>
				<array>
					<string>E4328149138ABC9F0047C5CB</string>
				</array>
				<key>isa</key>
				<string>PBXFrameworksBuildPhase</string>
				<key>runOnlyForDeploymentPostprocessing</key>
				<string>0</string>
			</dict>
			<key>E4B69B5A0A3A1756003C02F2</key>
			<dict>
				<key>buildConfigurationList</key>
				<string>E4B69B5F0A3A1757003C02F2</string>
				<key>buildPhases</key>
				<array>
					<string>E4B69B580A3A1756003C02F2</string>
					<string>E4B69B590A3A1756003C02F2</string>
					<string>E4B6FFFD0C3F9AB9008CF71C</string>
					<string>E4C2427710CC5ABF004149E2</string>
				</array>
				<key>buildRules</key>
				<array />
				<key>dependencies</key>
				<array>
					<string>E4EEB9AC138B136A00A80321</string>
				</array>
				<key>isa</key>
				<string>PBXNativeTarget</string>
				<key>name</key>
				<string>AbletonOSC</string>
				<key>productName</key>
				<string>myOFApp</string>
				<key>productReference</key>
				<string>E4B69B5B0A3A1756003C02F2</string>
				<key>productType</key>
				<string>com.apple.product-type.application</string>
			</dict>
			<key>E4B69B5B0A3A1756003C02F2</key>
			<dict>
				<key>explicitFileType</key>
				<string>wrapper.application</string>
				<key>includeInIndex</key>
				<string>0</string>
				<key>isa</key>
				<string>PBXFileReference</string>
				<key>path</key>
				<string>AbletonOSCDebug.app</string>
				<key>sourceTree</key>
				<string>BUILT_PRODUCTS_DIR</string>
			</dict>
			<key>E4B69B5F0A3A1757003C02F2</key>
			<dict>
				<key>buildConfigurations</key>
				<array>
					<string>E4B69B600A3A1757003C02F2</string>
					<string>E4B69B610A3A1757003C02F2</string>
				</array>
				<key>defaultConfigurationIsVisible</key>
				<string>0</string>
				<key>defaultConfigurationName</key>
				<string>Release</string>
				<key>isa</key>
				<string>XCConfigurationList</string>
			</dict>
			<key>E4B69B600A3A1757003C02F2</key>
			<dict>
				<key>baseConfigurationReference</key>
				<string>E4EB6923138AFD0F00A09F29</string>
				<key>buildSettings</key>
				<dict>
					<key>HEADER_SEARCH_PATHS</key>
					<array>
						<string>$(OF_CORE_HEADERS)</string>
						<string>src</string>
						<string>../../../../../addons/ofxAbletonLive/src</string>
						<string>../../../../../addons/ofxControl/src</string>
						<string>../../../../../addons/ofxOsc/libs</string>
						<string>../../../../../addons/ofxOsc/libs/oscpack</string>
						<string>../../../../../addons/ofxOsc/libs/oscpack/src</string>
						<string>../../../../../addons/ofxOsc/libs/oscpack/src/ip</string>
						<string>../../../../../addons/ofxOsc/libs/oscpack/src/ip/posix</string>
						<string>../../../../../addons/ofxOsc/libs/oscpack/src/ip/win32</string>
						<string>../../../../../addons/ofxOsc/libs/oscpack/src/osc</string>
						<string>../../../../../addons/ofxOsc/src</string>
					</array>
					<key>COMBINE_HIDPI_IMAGES</key>
					<string>YES</string>
					<key>COPY_PHASE_STRIP</key>
					<string>NO</string>
					<key>FRAMEWORK_SEARCH_PATHS</key>
					<array>
						<string>$(inherited)</string>
						<string>$(FRAMEWORK_SEARCH_PATHS_QUOTED_FOR_TARGET_1)</string>
					</array>
					<key>FRAMEWORK_SEARCH_PATHS_QUOTED_FOR_TARGET_1</key>
					<string>"$(SRCROOT)/../../../../../libs/glut/lib/osx"</string>
					<key>GCC_DYNAMIC_NO_PIC</key>
					<string>NO</string>
					<key>GCC_GENERATE_DEBUGGING_SYMBOLS</key>
					<string>YES</string>
					<key>GCC_MODEL_TUNING</key>
					<string>NONE</string>
					<key>ICON</key>
					<string>$(ICON_NAME_DEBUG)</string>
					<key>ICON_FILE</key>
					<string>$(ICON_FILE_PATH)$(ICON)</string>
					<key>INFOPLIST_FILE</key>
					<string>openFrameworks-Info.plist</string>
					<key>INSTALL_PATH</key>
					<string>$(HOME)/Applications</string>
					<key>LIBRARY_SEARCH_PATHS</key>
					<string>$(inherited)</string>
					<key>PRODUCT_NAME</key>
					<string>$(TARGET_NAME)Debug</string>
					<key>WRAPPER_EXTENSION</key>
					<string>app</string>
				</dict>
				<key>isa</key>
				<string>XCBuildConfiguration</string>
				<key>name</key>
				<string>Debug</string>
			</dict>
			<key>E4B69B610A3A1757003C02F2</key>
			<dict>
				<key>baseConfigurationReference</key>
				<string>E4EB6923138AFD0F00A09F29</string>
				<key>buildSettings</key>
				<dict>
					<key>HEADER_SEARCH_PATHS</key>
					<array>
						<string>$(OF_CORE_HEADERS)</string>
						<string>src</string>
						<string>../../../../../addons/ofxAbletonLive/src</string>
						<string>../../../../../addons/ofxControl/src</string>
						<string>../../../../../addons/ofxOsc/libs</string>
						<string>../../../../../addons/ofxOsc/libs/oscpack</string>
						<string>../../../../../addons/ofxOsc/libs/oscpack/src</string>
						<string>../../../../../addons/ofxOsc/libs/oscpack/src/ip</string>
						<string>../../../../../addons/ofxOsc/libs/oscpack/src/ip/posix</string>
						<string>../../../../../addons/ofxOsc/libs/oscpack/src/ip/win32</string>
						<string>../../../../../addons/ofxOsc/libs/oscpack/src/osc</string>
						<string>../../../../../addons/ofxOsc/src</string>
					</array>
					<key>COMBINE_HIDPI_IMAGES</key>
					<string>YES</string>
					<key>COPY_PHASE_STRIP</key>
					<string>YES</string>
					<key>FRAMEWORK_SEARCH_PATHS</key>
					<array>
						<string>$(inherited)</string>
						<string>$(FRAMEWORK_SEARCH_PATHS_QUOTED_FOR_TARGET_1)</string>
					</array>
					<key>FRAMEWORK_SEARCH_PATHS_QUOTED_FOR_TARGET_1</key>
					<string>"$(SRCROOT)/../../../../../libs/glut/lib/osx"</string>
					<key>GCC_GENERATE_DEBUGGING_SYMBOLS</key>
					<string>YES</string>
					<key>GCC_MODEL_TUNING</key>
					<string>NONE</string>
					<key>ICON</key>
					<string>$(ICON_NAME_RELEASE)</string>
					<key>ICON_FILE</key>
					<string>$(ICON_FILE_PATH)$(ICON)</string>
					<key>INFOPLIST_FILE</key>
					<string>openFrameworks-Info.plist</string>
					<key>INSTALL_PATH</key>
					<string>$(HOME)/Applications</string>
					<key>LIBRARY_SEARCH_PATHS</key>
					<string>$(inherited)</string>
					<key>PRODUCT_NAME</key>
					<string>$(TARGET_NAME)</string>
					<key>WRAPPER_EXTENSION</key>
					<string>app</string>
					<key>baseConfigurationReference</key>
					<string>E4EB6923138AFD0F00A09F29</string>
				</dict>
				<key>isa</key>
				<string>XCBuildConfiguration</string>
				<key>name</key>
				<string>Release</string>
			</dict>
			<key>E4B69E1C0A3A1BDC003C02F2</key>
			<dict>
				<key>children</key>
				<array>
					<string>E4B69E1D0A3A1BDC003C02F2</string>
					<string>E4B69E1E0A3A1BDC003C02F2</string>
					<string>E4B69E1F0A3A1BDC003C02F2</string>
					<string>AC6A8E7D7E583D47D6909E54</string>
					<string>0D8632DB7D6901F3D54AAF4D</string>
				</array>
				<key>isa</key>
				<string>PBXGroup</string>
				<key>path</key>
				<string>src</string>
				<key>sourceTree</key>
				<string>SOURCE_ROOT</string>
			</dict>
			<key>E4B69E1D0A3A1BDC003C02F2</key>
			<dict>
				<key>fileEncoding</key>
				<string>30</string>
				<key>isa</key>
				<string>PBXFileReference</string>
				<key>lastKnownFileType</key>
				<string>sourcecode.cpp.cpp</string>
				<key>name</key>
				<string>main.cpp</string>
				<key>path</key>
				<string>src/main.cpp</string>
				<key>sourceTree</key>
				<string>SOURCE_ROOT</string>
			</dict>
			<key>E4B69E1E0A3A1BDC003C02F2</key>
			<dict>
				<key>explicitFileType</key>
				<string>sourcecode.cpp.cpp</string>
				<key>fileEncoding</key>
				<string>30</string>
				<key>isa</key>
				<string>PBXFileReference</string>
				<key>name</key>
				<string>ofApp.cpp</string>
				<key>path</key>
				<string>src/ofApp.cpp</string>
				<key>sourceTree</key>
				<string>SOURCE_ROOT</string>
			</dict>
			<key>E4B69E1F0A3A1BDC003C02F2</key>
			<dict>
				<key>fileEncoding</key>
				<string>30</string>
				<key>isa</key>
				<string>PBXFileReference</string>
				<key>lastKnownFileType</key>
				<string>sourcecode.c.h</string>
				<key>name</key>
				<string>ofApp.h</string>
				<key>path</key>
				<string>src/ofApp.h</string>
				<key>sourceTree</key>
				<string>SOURCE_ROOT</string>
			</dict>
			<key>E4B69E200A3A1BDC003C02F2</key>
			<dict>
				<key>fileRef</key>
				<string>E4B69E1D0A3A1BDC003C02F2</string>
				<key>isa</key>
				<string>PBXBuildFile</string>
			</dict>
			<key>E4B69E210A3A1BDC003C02F2</key>
			<dict>
				<key>fileRef</key>
				<string>E4B69E1E0A3A1BDC003C02F2</string>
				<key>isa</key>
				<string>PBXBuildFile</string>
			</dict>
			<key>E4B6FCAD0C3E899E008CF71C</key>
			<dict>
				<key>fileEncoding</key>
				<string>30</string>
				<key>isa</key>
				<string>PBXFileReference</string>
				<key>lastKnownFileType</key>
				<string>text.plist.xml</string>
				<key>path</key>
				<string>openFrameworks-Info.plist</string>
				<key>sourceTree</key>
				<string>&lt;group&gt;</string>
			</dict>
			<key>E4B6FFFD0C3F9AB9008CF71C</key>
			<dict>
				<key>buildActionMask</key>
				<string>2147483647</string>
				<key>files</key>
				<array />
				<key>inputPaths</key>
				<array />
				<key>isa</key>
				<string>PBXShellScriptBuildPhase</string>
				<key>outputPaths</key>
				<array />
				<key>runOnlyForDeploymentPostprocessing</key>
				<string>0</string>
				<key>shellPath</key>
				<string>/bin/sh</string>
				<key>shellScript</key>
				<string>rsync -aved ../../../../../libs/fmodex/lib/osx/libfmodex.dylib "$TARGET_BUILD_DIR/$PRODUCT_NAME.app/Contents/MacOS/"; install_name_tool -change ./libfmodex.dylib @executable_path/libfmodex.dylib "$TARGET_BUILD_DIR/$PRODUCT_NAME.app/Contents/MacOS/$PRODUCT_NAME";
mkdir -p "$TARGET_BUILD_DIR/$PRODUCT_NAME.app/Contents/Resources/"
rsync -aved "$ICON_FILE" "$TARGET_BUILD_DIR/$PRODUCT_NAME.app/Contents/Resources/"
rsync -aved ../../../../../libs/glut/lib/osx/GLUT.framework "$TARGET_BUILD_DIR/$PRODUCT_NAME.app/Contents/Frameworks/"
</string>
			</dict>
			<key>E4C2427710CC5ABF004149E2</key>
			<dict>
				<key>buildActionMask</key>
				<string>2147483647</string>
				<key>dstPath</key>
				<string />
				<key>dstSubfolderSpec</key>
				<string>10</string>
				<key>files</key>
				<array />
				<key>isa</key>
				<string>PBXCopyFilesBuildPhase</string>
				<key>runOnlyForDeploymentPostprocessing</key>
				<string>0</string>
			</dict>
			<key>E4EB691F138AFCF100A09F29</key>
			<dict>
				<key>fileEncoding</key>
				<string>4</string>
				<key>isa</key>
				<string>PBXFileReference</string>
				<key>lastKnownFileType</key>
				<string>text.xcconfig</string>
				<key>name</key>
				<string>CoreOF.xcconfig</string>
				<key>path</key>
				<string>../../../../../libs/openFrameworksCompiled/project/osx/CoreOF.xcconfig</string>
				<key>sourceTree</key>
				<string>SOURCE_ROOT</string>
			</dict>
			<key>E4EB6923138AFD0F00A09F29</key>
			<dict>
				<key>fileEncoding</key>
				<string>4</string>
				<key>isa</key>
				<string>PBXFileReference</string>
				<key>lastKnownFileType</key>
				<string>text.xcconfig</string>
				<key>path</key>
				<string>Project.xcconfig</string>
				<key>sourceTree</key>
				<string>&lt;group&gt;</string>
			</dict>
			<key>E4EEB9AB138B136A00A80321</key>
			<dict>
				<key>containerPortal</key>
				<string>E4328143138ABC890047C5CB</string>
				<key>isa</key>
				<string>PBXContainerItemProxy</string>
				<key>proxyType</key>
				<string>1</string>
				<key>remoteGlobalIDString</key>
				<string>E4B27C1410CBEB8E00536013</string>
				<key>remoteInfo</key>
				<string>openFrameworks</string>
			</dict>
			<key>E4EEB9AC138B136A00A80321</key>
			<dict>
				<key>isa</key>
				<string>PBXTargetDependency</string>
				<key>name</key>
				<string>openFrameworks</string>
				<key>targetProxy</key>
				<string>E4EEB9AB138B136A00A80321</string>
			</dict>
			<key>E4EEC9E9138DF44700A80321</key>
			<dict>
				<key>children</key>
				<array>
					<string>E4EB691F138AFCF100A09F29</string>
					<string>E4328143138ABC890047C5CB</string>
				</array>
				<key>isa</key>
				<string>PBXGroup</string>
				<key>name</key>
				<string>openFrameworks</string>
				<key>sourceTree</key>
				<string>&lt;group&gt;</string>
			</dict>
		</dict>
		<key>rootObject</key>
		<string>E4B69B4C0A3A1720003C02F2</string>
	</dict>
</plist>
